
Microsoft Visual Studio Solution File, Format Version 12.00
# Visual Studio Version 17
VisualStudioVersion = 17.14.36414.22
MinimumVisualStudioVersion = 10.0.40219.1
Project("{FAE04EC0-301F-11D3-BF4B-00C04F79EFBC}") = "tablet", "test\tablet.csproj", "{D64AFF01-0401-45BC-8FFA-20E9C922375A}"
EndProject
Global
	GlobalSection(SolutionConfigurationPlatforms) = preSolution
		Debug|Any CPU = Debug|Any CPU
		Release|Any CPU = Release|Any CPU
	EndGlobalSection
	GlobalSection(ProjectConfigurationPlatforms) = postSolution
		{D64AFF01-0401-45BC-8FFA-20E9C922375A}.Debug|Any CPU.ActiveCfg = Debug|Any CPU
		{D64AFF01-0401-45BC-8FFA-20E9C922375A}.Debug|Any CPU.Build.0 = Debug|Any CPU
		{D64AFF01-0401-45BC-8FFA-20E9C922375A}.Release|Any CPU.ActiveCfg = Release|Any CPU
		{D64AFF01-0401-45BC-8FFA-20E9C922375A}.Release|Any CPU.Build.0 = Release|Any CPU
	EndGlobalSection
	GlobalSection(SolutionProperties) = preSolution
		HideSolutionNode = FALSE
	EndGlobalSection
	GlobalSection(ExtensibilityGlobals) = postSolution
		SolutionGuid = {C706ECAF-581E-45A9-84BD-91BBCDF192BF}
	EndGlobalSection
EndGlobal
